
Microsoft Visual Studio Solution File, Format Version 12.00
# Visual Studio 14
VisualStudioVersion = 14.0.24720.0
MinimumVisualStudioVersion = 10.0.40219.1
Project("{FAE04EC0-301F-11D3-BF4B-00C04F79EFBC}") = "ITI2016.Dev", "ITI2016.Dev\ITI2016.Dev.csproj", "{6DDDD50B-D099-4558-A51B-7B4CCFAAE574}"
EndProject
Project("{FAE04EC0-301F-11D3-BF4B-00C04F79EFBC}") = "ITI2016.Dev.Tests", "ITI2016.Dev.Tests\ITI2016.Dev.Tests.csproj", "{6AE9B3CE-1FFC-4705-B3BE-FA91F6DF2814}"
EndProject
Global
	GlobalSection(SolutionConfigurationPlatforms) = preSolution
		Debug|Any CPU = Debug|Any CPU
		Release|Any CPU = Release|Any CPU
	EndGlobalSection
	GlobalSection(ProjectConfigurationPlatforms) = postSolution
		{6DDDD50B-D099-4558-A51B-7B4CCFAAE574}.Debug|Any CPU.ActiveCfg = Debug|Any CPU
		{6DDDD50B-D099-4558-A51B-7B4CCFAAE574}.Debug|Any CPU.Build.0 = Debug|Any CPU
		{6DDDD50B-D099-4558-A51B-7B4CCFAAE574}.Release|Any CPU.ActiveCfg = Release|Any CPU
		{6DDDD50B-D099-4558-A51B-7B4CCFAAE574}.Release|Any CPU.Build.0 = Release|Any CPU
		{6AE9B3CE-1FFC-4705-B3BE-FA91F6DF2814}.Debug|Any CPU.ActiveCfg = Debug|Any CPU
		{6AE9B3CE-1FFC-4705-B3BE-FA91F6DF2814}.Debug|Any CPU.Build.0 = Debug|Any CPU
		{6AE9B3CE-1FFC-4705-B3BE-FA91F6DF2814}.Release|Any CPU.ActiveCfg = Release|Any CPU
		{6AE9B3CE-1FFC-4705-B3BE-FA91F6DF2814}.Release|Any CPU.Build.0 = Release|Any CPU
	EndGlobalSection
	GlobalSection(SolutionProperties) = preSolution
		HideSolutionNode = FALSE
	EndGlobalSection
EndGlobal
